
Microsoft Visual Studio Solution File, Format Version 12.00
# Visual Studio Version 17
VisualStudioVersion = 17.10.34607.79
MinimumVisualStudioVersion = 10.0.40219.1
Project("{FAE04EC0-301F-11D3-BF4B-00C04F79EFBC}") = "CalculatorProject", "CalculatorProject\CalculatorProject.csproj", "{24F620FC-DFB6-464C-B551-589097D94B8B}"
EndProject
Project("{FAE04EC0-301F-11D3-BF4B-00C04F79EFBC}") = "CalculatorProject.Tests", "CalculatorProject.Tests\CalculatorProject.Tests.csproj", "{602CBE4F-54AF-4F84-A63E-5C59C21A05EC}"
EndProject
Global
	GlobalSection(SolutionConfigurationPlatforms) = preSolution
		Debug|Any CPU = Debug|Any CPU
		Release|Any CPU = Release|Any CPU
	EndGlobalSection
	GlobalSection(ProjectConfigurationPlatforms) = postSolution
		{24F620FC-DFB6-464C-B551-589097D94B8B}.Debug|Any CPU.ActiveCfg = Debug|Any CPU
		{24F620FC-DFB6-464C-B551-589097D94B8B}.Debug|Any CPU.Build.0 = Debug|Any CPU
		{24F620FC-DFB6-464C-B551-589097D94B8B}.Release|Any CPU.ActiveCfg = Release|Any CPU
		{24F620FC-DFB6-464C-B551-589097D94B8B}.Release|Any CPU.Build.0 = Release|Any CPU
		{602CBE4F-54AF-4F84-A63E-5C59C21A05EC}.Debug|Any CPU.ActiveCfg = Debug|Any CPU
		{602CBE4F-54AF-4F84-A63E-5C59C21A05EC}.Debug|Any CPU.Build.0 = Debug|Any CPU
		{602CBE4F-54AF-4F84-A63E-5C59C21A05EC}.Release|Any CPU.ActiveCfg = Release|Any CPU
		{602CBE4F-54AF-4F84-A63E-5C59C21A05EC}.Release|Any CPU.Build.0 = Release|Any CPU
	EndGlobalSection
	GlobalSection(SolutionProperties) = preSolution
		HideSolutionNode = FALSE
	EndGlobalSection
	GlobalSection(ExtensibilityGlobals) = postSolution
		SolutionGuid = {DE28C2E5-2BB7-47E3-B5F7-3C4C2856B334}
	EndGlobalSection
EndGlobal
