
Microsoft Visual Studio Solution File, Format Version 12.00
# Visual Studio Version 17
VisualStudioVersion = 17.10.34607.79
MinimumVisualStudioVersion = 10.0.40219.1
Project("{9A19103F-16F7-4668-BE54-9A1E7A4F7556}") = "00.Demo", "00.Demo\00.Demo.csproj", "{3897A260-512F-4CDF-982B-2D6898E1834B}"
EndProject
Project("{FAE04EC0-301F-11D3-BF4B-00C04F79EFBC}") = "PersonsInfo", "PersonsInfo\PersonsInfo.csproj", "{54019C92-B431-4DD2-8DD2-705D85E7F58D}"
EndProject
Global
	GlobalSection(SolutionConfigurationPlatforms) = preSolution
		Debug|Any CPU = Debug|Any CPU
		Release|Any CPU = Release|Any CPU
	EndGlobalSection
	GlobalSection(ProjectConfigurationPlatforms) = postSolution
		{3897A260-512F-4CDF-982B-2D6898E1834B}.Debug|Any CPU.ActiveCfg = Debug|Any CPU
		{3897A260-512F-4CDF-982B-2D6898E1834B}.Debug|Any CPU.Build.0 = Debug|Any CPU
		{3897A260-512F-4CDF-982B-2D6898E1834B}.Release|Any CPU.ActiveCfg = Release|Any CPU
		{3897A260-512F-4CDF-982B-2D6898E1834B}.Release|Any CPU.Build.0 = Release|Any CPU
		{54019C92-B431-4DD2-8DD2-705D85E7F58D}.Debug|Any CPU.ActiveCfg = Debug|Any CPU
		{54019C92-B431-4DD2-8DD2-705D85E7F58D}.Debug|Any CPU.Build.0 = Debug|Any CPU
		{54019C92-B431-4DD2-8DD2-705D85E7F58D}.Release|Any CPU.ActiveCfg = Release|Any CPU
		{54019C92-B431-4DD2-8DD2-705D85E7F58D}.Release|Any CPU.Build.0 = Release|Any CPU
	EndGlobalSection
	GlobalSection(SolutionProperties) = preSolution
		HideSolutionNode = FALSE
	EndGlobalSection
	GlobalSection(ExtensibilityGlobals) = postSolution
		SolutionGuid = {1553C388-A2FA-4376-8870-666BB01EA8F2}
	EndGlobalSection
EndGlobal
