
Microsoft Visual Studio Solution File, Format Version 12.00
# Visual Studio Version 17
VisualStudioVersion = 17.10.34607.79
MinimumVisualStudioVersion = 10.0.40219.1
Project("{FAE04EC0-301F-11D3-BF4B-00C04F79EFBC}") = "1.Vehicles", "1.Vehicles\1.Vehicles.csproj", "{6DA0AEDF-B62A-4B57-B50A-50592D081614}"
EndProject
Global
	GlobalSection(SolutionConfigurationPlatforms) = preSolution
		Debug|Any CPU = Debug|Any CPU
		Release|Any CPU = Release|Any CPU
	EndGlobalSection
	GlobalSection(ProjectConfigurationPlatforms) = postSolution
		{6DA0AEDF-B62A-4B57-B50A-50592D081614}.Debug|Any CPU.ActiveCfg = Debug|Any CPU
		{6DA0AEDF-B62A-4B57-B50A-50592D081614}.Debug|Any CPU.Build.0 = Debug|Any CPU
		{6DA0AEDF-B62A-4B57-B50A-50592D081614}.Release|Any CPU.ActiveCfg = Release|Any CPU
		{6DA0AEDF-B62A-4B57-B50A-50592D081614}.Release|Any CPU.Build.0 = Release|Any CPU
	EndGlobalSection
	GlobalSection(SolutionProperties) = preSolution
		HideSolutionNode = FALSE
	EndGlobalSection
	GlobalSection(ExtensibilityGlobals) = postSolution
		SolutionGuid = {84BDF0A9-69A2-47E5-B890-56815D1BB2B2}
	EndGlobalSection
EndGlobal
