
Microsoft Visual Studio Solution File, Format Version 12.00
# Visual Studio Version 17
VisualStudioVersion = 17.10.34607.79
MinimumVisualStudioVersion = 10.0.40219.1
Project("{FAE04EC0-301F-11D3-BF4B-00C04F79EFBC}") = "Logger.ConsoleApp", "Logger.ConsoleApp\Logger.ConsoleApp.csproj", "{2DF527EB-47D4-4337-98E5-1DA6F2B9F586}"
EndProject
Project("{FAE04EC0-301F-11D3-BF4B-00C04F79EFBC}") = "LoggerLibrary", "LoggerLibrary\LoggerLibrary.csproj", "{B724FF04-7B10-4CA9-89DC-7FFBE329A9A9}"
EndProject
Global
	GlobalSection(SolutionConfigurationPlatforms) = preSolution
		Debug|Any CPU = Debug|Any CPU
		Release|Any CPU = Release|Any CPU
	EndGlobalSection
	GlobalSection(ProjectConfigurationPlatforms) = postSolution
		{2DF527EB-47D4-4337-98E5-1DA6F2B9F586}.Debug|Any CPU.ActiveCfg = Debug|Any CPU
		{2DF527EB-47D4-4337-98E5-1DA6F2B9F586}.Debug|Any CPU.Build.0 = Debug|Any CPU
		{2DF527EB-47D4-4337-98E5-1DA6F2B9F586}.Release|Any CPU.ActiveCfg = Release|Any CPU
		{2DF527EB-47D4-4337-98E5-1DA6F2B9F586}.Release|Any CPU.Build.0 = Release|Any CPU
		{B724FF04-7B10-4CA9-89DC-7FFBE329A9A9}.Debug|Any CPU.ActiveCfg = Debug|Any CPU
		{B724FF04-7B10-4CA9-89DC-7FFBE329A9A9}.Debug|Any CPU.Build.0 = Debug|Any CPU
		{B724FF04-7B10-4CA9-89DC-7FFBE329A9A9}.Release|Any CPU.ActiveCfg = Release|Any CPU
		{B724FF04-7B10-4CA9-89DC-7FFBE329A9A9}.Release|Any CPU.Build.0 = Release|Any CPU
	EndGlobalSection
	GlobalSection(SolutionProperties) = preSolution
		HideSolutionNode = FALSE
	EndGlobalSection
	GlobalSection(ExtensibilityGlobals) = postSolution
		SolutionGuid = {E3595835-F5A7-4931-BC62-F40765DA4FAA}
	EndGlobalSection
EndGlobal
