
Microsoft Visual Studio Solution File, Format Version 12.00
# Visual Studio Version 17
VisualStudioVersion = 17.10.34607.79
MinimumVisualStudioVersion = 10.0.40219.1
Project("{FAE04EC0-301F-11D3-BF4B-00C04F79EFBC}") = "CommandPattern", "Calculator\CommandPattern.csproj", "{AC809281-2ABC-460E-8F9B-9C41D06074C8}"
EndProject
Global
	GlobalSection(SolutionConfigurationPlatforms) = preSolution
		Debug|Any CPU = Debug|Any CPU
		Release|Any CPU = Release|Any CPU
	EndGlobalSection
	GlobalSection(ProjectConfigurationPlatforms) = postSolution
		{AC809281-2ABC-460E-8F9B-9C41D06074C8}.Debug|Any CPU.ActiveCfg = Debug|Any CPU
		{AC809281-2ABC-460E-8F9B-9C41D06074C8}.Debug|Any CPU.Build.0 = Debug|Any CPU
		{AC809281-2ABC-460E-8F9B-9C41D06074C8}.Release|Any CPU.ActiveCfg = Release|Any CPU
		{AC809281-2ABC-460E-8F9B-9C41D06074C8}.Release|Any CPU.Build.0 = Release|Any CPU
	EndGlobalSection
	GlobalSection(SolutionProperties) = preSolution
		HideSolutionNode = FALSE
	EndGlobalSection
	GlobalSection(ExtensibilityGlobals) = postSolution
		SolutionGuid = {9F6EC483-D52D-4114-BB22-8BAB02992E4E}
	EndGlobalSection
EndGlobal
